# THIS IS AN AUTOGENERATED FILE. DO NOT EDIT THIS FILE DIRECTLY.
# yarn lockfile v1


typesafe-actions@5.1.0:
  version "5.1.0"
  resolved "https://registry.yarnpkg.com/typesafe-actions/-/typesafe-actions-5.1.0.tgz#9afe8b1e6a323af1fd59e6a57b11b7dd6623d2f1"
  integrity sha512-bna6Yi1pRznoo6Bz1cE6btB/Yy8Xywytyfrzu/wc+NFW3ZF0I+2iCGImhBsoYYCOWuICtRO4yHcnDlzgo1AdNg==
